
Microsoft Visual Studio Solution File, Format Version 12.00
# Visual Studio Version 16
VisualStudioVersion = 16.0.31313.79
MinimumVisualStudioVersion = 10.0.40219.1
Project("{FAE04EC0-301F-11D3-BF4B-00C04F79EFBC}") = "WSB4", "WSB4\WSB4.csproj", "{8FC15899-6996-4A1B-9CB6-3EB7DAE724FB}"
EndProject
Project("{FAE04EC0-301F-11D3-BF4B-00C04F79EFBC}") = "WSB4.DB", "WSB4.DB\WSB4.DB.csproj", "{0110DACC-404F-42CC-B00B-18F0FB68FB24}"
EndProject
Project("{FAE04EC0-301F-11D3-BF4B-00C04F79EFBC}") = "WSB4.Domain", "WSB4.Domain\WSB4.Domain.csproj", "{06A59E01-4A06-45E3-A09F-A7F8BBBD1661}"
EndProject
Global
	GlobalSection(SolutionConfigurationPlatforms) = preSolution
		Debug|Any CPU = Debug|Any CPU
		Release|Any CPU = Release|Any CPU
	EndGlobalSection
	GlobalSection(ProjectConfigurationPlatforms) = postSolution
		{8FC15899-6996-4A1B-9CB6-3EB7DAE724FB}.Debug|Any CPU.ActiveCfg = Debug|Any CPU
		{8FC15899-6996-4A1B-9CB6-3EB7DAE724FB}.Debug|Any CPU.Build.0 = Debug|Any CPU
		{8FC15899-6996-4A1B-9CB6-3EB7DAE724FB}.Release|Any CPU.ActiveCfg = Release|Any CPU
		{8FC15899-6996-4A1B-9CB6-3EB7DAE724FB}.Release|Any CPU.Build.0 = Release|Any CPU
		{0110DACC-404F-42CC-B00B-18F0FB68FB24}.Debug|Any CPU.ActiveCfg = Debug|Any CPU
		{0110DACC-404F-42CC-B00B-18F0FB68FB24}.Debug|Any CPU.Build.0 = Debug|Any CPU
		{0110DACC-404F-42CC-B00B-18F0FB68FB24}.Release|Any CPU.ActiveCfg = Release|Any CPU
		{0110DACC-404F-42CC-B00B-18F0FB68FB24}.Release|Any CPU.Build.0 = Release|Any CPU
		{06A59E01-4A06-45E3-A09F-A7F8BBBD1661}.Debug|Any CPU.ActiveCfg = Debug|Any CPU
		{06A59E01-4A06-45E3-A09F-A7F8BBBD1661}.Debug|Any CPU.Build.0 = Debug|Any CPU
		{06A59E01-4A06-45E3-A09F-A7F8BBBD1661}.Release|Any CPU.ActiveCfg = Release|Any CPU
		{06A59E01-4A06-45E3-A09F-A7F8BBBD1661}.Release|Any CPU.Build.0 = Release|Any CPU
	EndGlobalSection
	GlobalSection(SolutionProperties) = preSolution
		HideSolutionNode = FALSE
	EndGlobalSection
	GlobalSection(ExtensibilityGlobals) = postSolution
		SolutionGuid = {BFBD04DF-B8A9-4B3C-956B-98C95F214DB7}
	EndGlobalSection
EndGlobal
