
Microsoft Visual Studio Solution File, Format Version 12.00
# Visual Studio Version 16
VisualStudioVersion = 16.0.31129.286
MinimumVisualStudioVersion = 10.0.40219.1
Project("{FAE04EC0-301F-11D3-BF4B-00C04F79EFBC}") = "Code+", "Code+.csproj", "{72D94E54-0BAA-49D1-B226-42E70FA9F92E}"
EndProject
Global
	GlobalSection(SolutionConfigurationPlatforms) = preSolution
		Debug|Any CPU = Debug|Any CPU
		Release|Any CPU = Release|Any CPU
	EndGlobalSection
	GlobalSection(ProjectConfigurationPlatforms) = postSolution
		{72D94E54-0BAA-49D1-B226-42E70FA9F92E}.Debug|Any CPU.ActiveCfg = Debug|Any CPU
		{72D94E54-0BAA-49D1-B226-42E70FA9F92E}.Debug|Any CPU.Build.0 = Debug|Any CPU
		{72D94E54-0BAA-49D1-B226-42E70FA9F92E}.Release|Any CPU.ActiveCfg = Release|Any CPU
		{72D94E54-0BAA-49D1-B226-42E70FA9F92E}.Release|Any CPU.Build.0 = Release|Any CPU
	EndGlobalSection
	GlobalSection(SolutionProperties) = preSolution
		HideSolutionNode = FALSE
	EndGlobalSection
	GlobalSection(ExtensibilityGlobals) = postSolution
		SolutionGuid = {199CD193-E5B6-4EA7-A002-CA5BCB123C52}
	EndGlobalSection
EndGlobal
